
Microsoft Visual Studio Solution File, Format Version 12.00
# Visual Studio 15
VisualStudioVersion = 15.0.28010.2026
MinimumVisualStudioVersion = 10.0.40219.1
Project("{8BC9CEB8-8B4A-11D0-8D11-00A0C91BC942}") = "Connect_Linked_List", "Connect_Linked_List\Connect_Linked_List.vcxproj", "{15A5D811-A2FA-4C8B-B4B4-6A4A0F2FF03F}"
EndProject
Global
	GlobalSection(SolutionConfigurationPlatforms) = preSolution
		Debug|x64 = Debug|x64
		Debug|x86 = Debug|x86
		Release|x64 = Release|x64
		Release|x86 = Release|x86
	EndGlobalSection
	GlobalSection(ProjectConfigurationPlatforms) = postSolution
		{15A5D811-A2FA-4C8B-B4B4-6A4A0F2FF03F}.Debug|x64.ActiveCfg = Debug|x64
		{15A5D811-A2FA-4C8B-B4B4-6A4A0F2FF03F}.Debug|x64.Build.0 = Debug|x64
		{15A5D811-A2FA-4C8B-B4B4-6A4A0F2FF03F}.Debug|x86.ActiveCfg = Debug|Win32
		{15A5D811-A2FA-4C8B-B4B4-6A4A0F2FF03F}.Debug|x86.Build.0 = Debug|Win32
		{15A5D811-A2FA-4C8B-B4B4-6A4A0F2FF03F}.Release|x64.ActiveCfg = Release|x64
		{15A5D811-A2FA-4C8B-B4B4-6A4A0F2FF03F}.Release|x64.Build.0 = Release|x64
		{15A5D811-A2FA-4C8B-B4B4-6A4A0F2FF03F}.Release|x86.ActiveCfg = Release|Win32
		{15A5D811-A2FA-4C8B-B4B4-6A4A0F2FF03F}.Release|x86.Build.0 = Release|Win32
	EndGlobalSection
	GlobalSection(SolutionProperties) = preSolution
		HideSolutionNode = FALSE
	EndGlobalSection
	GlobalSection(ExtensibilityGlobals) = postSolution
		SolutionGuid = {FA0B5013-136A-4DBF-A5F0-389B75EA2360}
	EndGlobalSection
EndGlobal
